
Microsoft Visual Studio Solution File, Format Version 12.00
Project("{FAE04EC0-301F-11D3-BF4B-00C04F79EFBC}") = "TrueMark.Otel.Helper", "TrueMark.Otel.Helper.csproj", "{A942AA8B-B809-42E0-975A-5551D70B12AE}"
EndProject
Project("{FAE04EC0-301F-11D3-BF4B-00C04F79EFBC}") = "TrueMark.Otel.Helper.Tests", "..\TrueMark.Otel.Helper.Tests\TrueMark.Otel.Helper.Tests.csproj", "{66276007-2661-4021-9DCC-CC59982B1D39}"
EndProject
Project("{FAE04EC0-301F-11D3-BF4B-00C04F79EFBC}") = "TrueMark.Otel.SampleApi.6.x", "..\TrueMark.Otel.SampleApi.6.x\TrueMark.Otel.SampleApi.6.x.csproj", "{C9534D8F-CA04-4707-9515-1E78710C3F30}"
EndProject
Project("{FAE04EC0-301F-11D3-BF4B-00C04F79EFBC}") = "TrueMark.Otel.SampleApi.8.x", "..\TrueMark.Otel.SampleApi.8.x\TrueMark.Otel.SampleApi.8.x.csproj", "{5321CA3A-EA13-4588-87C8-0FD70D40D1AE}"
EndProject
Global
	GlobalSection(SolutionConfigurationPlatforms) = preSolution
		Debug|Any CPU = Debug|Any CPU
		Release|Any CPU = Release|Any CPU
	EndGlobalSection
	GlobalSection(ProjectConfigurationPlatforms) = postSolution
		{A942AA8B-B809-42E0-975A-5551D70B12AE}.Debug|Any CPU.ActiveCfg = Debug|Any CPU
		{A942AA8B-B809-42E0-975A-5551D70B12AE}.Debug|Any CPU.Build.0 = Debug|Any CPU
		{A942AA8B-B809-42E0-975A-5551D70B12AE}.Release|Any CPU.ActiveCfg = Release|Any CPU
		{A942AA8B-B809-42E0-975A-5551D70B12AE}.Release|Any CPU.Build.0 = Release|Any CPU
		{66276007-2661-4021-9DCC-CC59982B1D39}.Debug|Any CPU.ActiveCfg = Debug|Any CPU
		{66276007-2661-4021-9DCC-CC59982B1D39}.Debug|Any CPU.Build.0 = Debug|Any CPU
		{66276007-2661-4021-9DCC-CC59982B1D39}.Release|Any CPU.ActiveCfg = Release|Any CPU
		{66276007-2661-4021-9DCC-CC59982B1D39}.Release|Any CPU.Build.0 = Release|Any CPU
		{C9534D8F-CA04-4707-9515-1E78710C3F30}.Debug|Any CPU.ActiveCfg = Debug|Any CPU
		{C9534D8F-CA04-4707-9515-1E78710C3F30}.Debug|Any CPU.Build.0 = Debug|Any CPU
		{C9534D8F-CA04-4707-9515-1E78710C3F30}.Release|Any CPU.ActiveCfg = Release|Any CPU
		{C9534D8F-CA04-4707-9515-1E78710C3F30}.Release|Any CPU.Build.0 = Release|Any CPU
		{5321CA3A-EA13-4588-87C8-0FD70D40D1AE}.Debug|Any CPU.ActiveCfg = Debug|Any CPU
		{5321CA3A-EA13-4588-87C8-0FD70D40D1AE}.Debug|Any CPU.Build.0 = Debug|Any CPU
		{5321CA3A-EA13-4588-87C8-0FD70D40D1AE}.Release|Any CPU.ActiveCfg = Release|Any CPU
		{5321CA3A-EA13-4588-87C8-0FD70D40D1AE}.Release|Any CPU.Build.0 = Release|Any CPU
	EndGlobalSection
EndGlobal
